# This file is autogenerated, do not edit; changes may be undone by the next 'dep ensure'.


[[projects]]
  branch = "master"
  digest = "1:47bcbdf2a60a0bdd142f07f60771078857310fd1ededeb03956add7c7f6bef33"
  name = "golang.org/x/exp"
  packages = ["rand"]
  pruneopts = "UT"
  revision = "c74c464bbbf2425793dda2a0044770271fc009c7"

[[projects]]
  branch = "master"
  digest = "1:cb7a3c0ee1109f7ebaacca86b2d6bf22245090791367a21c192746a597835e41"
  name = "golang.org/x/tools"
  packages = ["container/intsets"]
  pruneopts = "UT"
  revision = "7414d4c1f71cec71978b1aec0539171a2e42d230"

[[projects]]
  branch = "master"
  digest = "1:7e6e1d19c86f151b517732eea1221522f880ea849fd63df1930ec7ec26a33b21"
  name = "gonum.org/v1/gonum"
  packages = [
    "blas",
    "blas/blas64",
    "blas/gonum",
    "floats",
    "internal/asm/c128",
    "internal/asm/f32",
    "internal/asm/f64",
    "internal/math32",
    "lapack",
    "lapack/gonum",
    "lapack/lapack64",
    "mat",
    "mathext",
    "mathext/internal/amos",
    "mathext/internal/cephes",
    "mathext/internal/gonum",
    "stat",
    "stat/combin",
    "stat/distmv",
    "stat/distuv",
  ]
  pruneopts = "UT"
  revision = "c07f678f3f6190e0539a39b5e1b0e4536169aea7"

[solve-meta]
  analyzer-name = "dep"
  analyzer-version = 1
  input-imports = [
    "golang.org/x/exp/rand",
    "gonum.org/v1/gonum/mat",
    "gonum.org/v1/gonum/stat/distmv",
    "gonum.org/v1/gonum/stat/distuv",
  ]
  solver-name = "gps-cdcl"
  solver-version = 1
